
Microsoft Visual Studio Solution File, Format Version 12.00
# Visual Studio 2015
Project("{FAE04EC0-301F-11D3-BF4B-00C04F79EFBC}") = "Spaceship5.CSharp.Plugins", "Spaceship5.CSharp.Plugins.csproj", "{8DD4F821-41CF-78FB-A3C7-96C6C687FF11}"
EndProject
Project("{FAE04EC0-301F-11D3-BF4B-00C04F79EFBC}") = "Spaceship5.CSharp", "Spaceship5.CSharp.csproj", "{C88D289F-ED31-A952-FE00-049F8C5E136F}"
EndProject
Global
	GlobalSection(SolutionConfigurationPlatforms) = preSolution
		Debug|Any CPU = Debug|Any CPU
		Release|Any CPU = Release|Any CPU
	EndGlobalSection
	GlobalSection(ProjectConfigurationPlatforms) = postSolution
		{8DD4F821-41CF-78FB-A3C7-96C6C687FF11}.Debug|Any CPU.ActiveCfg = Debug|Any CPU
		{8DD4F821-41CF-78FB-A3C7-96C6C687FF11}.Debug|Any CPU.Build.0 = Debug|Any CPU
		{8DD4F821-41CF-78FB-A3C7-96C6C687FF11}.Release|Any CPU.ActiveCfg = Release|Any CPU
		{8DD4F821-41CF-78FB-A3C7-96C6C687FF11}.Release|Any CPU.Build.0 = Release|Any CPU
		{C88D289F-ED31-A952-FE00-049F8C5E136F}.Debug|Any CPU.ActiveCfg = Debug|Any CPU
		{C88D289F-ED31-A952-FE00-049F8C5E136F}.Debug|Any CPU.Build.0 = Debug|Any CPU
		{C88D289F-ED31-A952-FE00-049F8C5E136F}.Release|Any CPU.ActiveCfg = Release|Any CPU
		{C88D289F-ED31-A952-FE00-049F8C5E136F}.Release|Any CPU.Build.0 = Release|Any CPU
	EndGlobalSection
	GlobalSection(SolutionProperties) = preSolution
		HideSolutionNode = FALSE
	EndGlobalSection
EndGlobal
