
Microsoft Visual Studio Solution File, Format Version 12.00
# Visual Studio 2013
Project("{FAE04EC0-301F-11D3-BF4B-00C04F79EFBC}") = "UnityVS.Spaceship5.CSharp.Plugins", "UnityVS.Spaceship5.CSharp.Plugins.csproj", "{DDE38EEE-0180-495C-E7A7-729264C78A46}"
EndProject
Project("{FAE04EC0-301F-11D3-BF4B-00C04F79EFBC}") = "UnityVS.Spaceship5.CSharp", "UnityVS.Spaceship5.CSharp.csproj", "{91A61D48-49F0-DF4B-5E14-283AB87A9F6A}"
EndProject
Project("{FAE04EC0-301F-11D3-BF4B-00C04F79EFBC}") = "Spaceship5Tests", "..\Spaceship5Tests\Spaceship5Tests.csproj", "{8A33EABB-0F38-4C7E-83A0-E133178F4B28}"
EndProject
Global
	GlobalSection(SolutionConfigurationPlatforms) = preSolution
		Debug|Any CPU = Debug|Any CPU
		Release|Any CPU = Release|Any CPU
	EndGlobalSection
	GlobalSection(ProjectConfigurationPlatforms) = postSolution
		{DDE38EEE-0180-495C-E7A7-729264C78A46}.Debug|Any CPU.ActiveCfg = Debug|Any CPU
		{DDE38EEE-0180-495C-E7A7-729264C78A46}.Debug|Any CPU.Build.0 = Debug|Any CPU
		{DDE38EEE-0180-495C-E7A7-729264C78A46}.Release|Any CPU.ActiveCfg = Release|Any CPU
		{DDE38EEE-0180-495C-E7A7-729264C78A46}.Release|Any CPU.Build.0 = Release|Any CPU
		{91A61D48-49F0-DF4B-5E14-283AB87A9F6A}.Debug|Any CPU.ActiveCfg = Debug|Any CPU
		{91A61D48-49F0-DF4B-5E14-283AB87A9F6A}.Debug|Any CPU.Build.0 = Debug|Any CPU
		{91A61D48-49F0-DF4B-5E14-283AB87A9F6A}.Release|Any CPU.ActiveCfg = Release|Any CPU
		{91A61D48-49F0-DF4B-5E14-283AB87A9F6A}.Release|Any CPU.Build.0 = Release|Any CPU
		{8A33EABB-0F38-4C7E-83A0-E133178F4B28}.Debug|Any CPU.ActiveCfg = Debug|Any CPU
		{8A33EABB-0F38-4C7E-83A0-E133178F4B28}.Debug|Any CPU.Build.0 = Debug|Any CPU
		{8A33EABB-0F38-4C7E-83A0-E133178F4B28}.Release|Any CPU.ActiveCfg = Release|Any CPU
		{8A33EABB-0F38-4C7E-83A0-E133178F4B28}.Release|Any CPU.Build.0 = Release|Any CPU
	EndGlobalSection
	GlobalSection(SolutionProperties) = preSolution
		HideSolutionNode = FALSE
	EndGlobalSection
EndGlobal
